
Microsoft Visual Studio Solution File, Format Version 12.00
# Visual Studio Version 16
VisualStudioVersion = 16.0.31205.134
MinimumVisualStudioVersion = 10.0.40219.1
Project("{FAE04EC0-301F-11D3-BF4B-00C04F79EFBC}") = "Using_Object", "Using_Object\Using_Object.csproj", "{0867643B-64CE-4005-84C9-B0EFB9F8EFBD}"
EndProject
Global
	GlobalSection(SolutionConfigurationPlatforms) = preSolution
		Debug|Any CPU = Debug|Any CPU
		Release|Any CPU = Release|Any CPU
	EndGlobalSection
	GlobalSection(ProjectConfigurationPlatforms) = postSolution
		{0867643B-64CE-4005-84C9-B0EFB9F8EFBD}.Debug|Any CPU.ActiveCfg = Debug|Any CPU
		{0867643B-64CE-4005-84C9-B0EFB9F8EFBD}.Debug|Any CPU.Build.0 = Debug|Any CPU
		{0867643B-64CE-4005-84C9-B0EFB9F8EFBD}.Release|Any CPU.ActiveCfg = Release|Any CPU
		{0867643B-64CE-4005-84C9-B0EFB9F8EFBD}.Release|Any CPU.Build.0 = Release|Any CPU
	EndGlobalSection
	GlobalSection(SolutionProperties) = preSolution
		HideSolutionNode = FALSE
	EndGlobalSection
	GlobalSection(ExtensibilityGlobals) = postSolution
		SolutionGuid = {A2C4299F-6A16-4FFB-8E93-15776F6ED1EA}
	EndGlobalSection
EndGlobal
